{
  "version": 4,
  "terraform_version": "0.15.3",
  "serial": 17,
  "lineage": "75a839f8-9fac-138f-a1c9-ad0e9d287a43",
  "outputs": {},
  "resources": [
    {
      "mode": "data",
      "type": "nsxt_edge_cluster",
      "name": "edge_cluster1",
      "provider": "provider[\"registry.terraform.io/vmware/nsxt\"]",
      "instances": [
        {
          "schema_version": 0,
          "attributes": {
            "deployment_type": "VIRTUAL_MACHINE",
            "description": "",
            "display_name": "edge-cluster-01",
            "id": "afde89a4-4ecd-4f09-af3c-58b5704e6bb3",
            "member_node_type": "EDGE_NODE"
          },
          "sensitive_attributes": []
        }
      ]
    },
    {
      "mode": "managed",
      "type": "nsxt_logical_tier0_router",
      "name": "tier0_router",
      "provider": "provider[\"registry.terraform.io/vmware/nsxt\"]",
      "instances": [
        {
          "schema_version": 0,
          "attributes": {
            "description": "ACTIVE-STANDBY Tier0 router provisioned by Terraform",
            "display_name": "VJ_RTR_tier0",
            "edge_cluster_id": "afde89a4-4ecd-4f09-af3c-58b5704e6bb3",
            "failover_mode": "NON_PREEMPTIVE",
            "firewall_sections": [
              {
                "is_valid": true,
                "target_display_name": "",
                "target_id": "aeacaae5-6a1a-45ff-9f7f-27f0fcaef34a",
                "target_type": "FirewallSection"
              }
            ],
            "high_availability_mode": "ACTIVE_STANDBY",
            "id": "e7b14eb4-4187-4819-b470-c1d9580b37ac",
            "revision": 1,
            "tag": [
              {
                "scope": "color",
                "tag": "blue"
              }
            ]
          },
          "sensitive_attributes": [],
          "private": "bnVsbA==",
          "dependencies": [
            "data.nsxt_edge_cluster.edge_cluster1"
          ]
        }
      ]
    },
    {
      "mode": "managed",
      "type": "nsxt_logical_tier1_router",
      "name": "tier1_router",
      "provider": "provider[\"registry.terraform.io/vmware/nsxt\"]",
      "instances": [
        {
          "schema_version": 0,
          "attributes": {
            "advertise_config_revision": 1,
            "advertise_connected_routes": false,
            "advertise_lb_snat_ip_routes": false,
            "advertise_lb_vip_routes": true,
            "advertise_nat_routes": true,
            "advertise_static_routes": true,
            "description": "RTR1 provisioned by Terraform",
            "display_name": "VJ_RTR_tier1",
            "edge_cluster_id": "afde89a4-4ecd-4f09-af3c-58b5704e6bb3",
            "enable_router_advertisement": true,
            "failover_mode": "PREEMPTIVE",
            "firewall_sections": [
              {
                "is_valid": true,
                "target_display_name": "",
                "target_id": "ca0d63de-fb6a-4322-8466-134775b1a06a",
                "target_type": "FirewallSection"
              }
            ],
            "id": "f0d9ce04-7548-4d98-8dca-1443be1c0601",
            "revision": 0,
            "tag": [
              {
                "scope": "color",
                "tag": "blue"
              }
            ]
          },
          "sensitive_attributes": [],
          "private": "bnVsbA==",
          "dependencies": [
            "data.nsxt_edge_cluster.edge_cluster1"
          ]
        }
      ]
    }
  ]
}
